
Microsoft Visual Studio Solution File, Format Version 12.00
# Visual Studio Version 16
VisualStudioVersion = 16.0.29509.3
MinimumVisualStudioVersion = 10.0.40219.1
Project("{9A19103F-16F7-4668-BE54-9A1E7A4F7556}") = "PlayListManagement", "PlayListManagement.csproj", "{0847885C-EBE8-40AF-A6C5-82B97653EC96}"
EndProject
Global
	GlobalSection(SolutionConfigurationPlatforms) = preSolution
		Debug|Any CPU = Debug|Any CPU
		Release|Any CPU = Release|Any CPU
	EndGlobalSection
	GlobalSection(ProjectConfigurationPlatforms) = postSolution
		{0847885C-EBE8-40AF-A6C5-82B97653EC96}.Debug|Any CPU.ActiveCfg = Debug|Any CPU
		{0847885C-EBE8-40AF-A6C5-82B97653EC96}.Debug|Any CPU.Build.0 = Debug|Any CPU
		{0847885C-EBE8-40AF-A6C5-82B97653EC96}.Release|Any CPU.ActiveCfg = Release|Any CPU
		{0847885C-EBE8-40AF-A6C5-82B97653EC96}.Release|Any CPU.Build.0 = Release|Any CPU
	EndGlobalSection
	GlobalSection(SolutionProperties) = preSolution
		HideSolutionNode = FALSE
	EndGlobalSection
	GlobalSection(ExtensibilityGlobals) = postSolution
		SolutionGuid = {1C9198F6-D4F3-427D-AAA5-56936F8EF106}
	EndGlobalSection
EndGlobal
